FORGE
  remote: http://forge.puppetlabs.com
  specs:
    fsalum/redis (0.0.6)
    puppetlabs/mysql (1.0.0)
      puppetlabs/stdlib (>= 2.2.1)
    puppetlabs/nginx (0.0.1)
      puppetlabs/stdlib (>= 0.1.6)
    puppetlabs/ruby (0.0.2)
    puppetlabs/stdlib (4.1.0)

GIT
  remote: git://github.com/jfryman/puppet-nginx.git
  ref: master
  sha: 304c12974ebb29d593ccfee634ddcfe37d1da57a
  specs:
    nginx (0.0.3)
      puppetlabs/stdlib (>= 0.1.6)

GIT
  remote: git://github.com/sbadia/gitlab-apt.git
  ref: master
  sha: 2053ea8cfbb62ae05d20a18fdfb4d299ace25372
  specs:
    apt (0.0.1)

GIT
  remote: git://github.com/sbadia/puppet-gitlab.git
  ref: atomaka-feature-contain
  sha: 800c174f59d8bfbe930943dd0d4696e250486244
  specs:
    gitlab (0.0.8)
      fsalum/redis (>= 0.0.5)
      puppetlabs/mysql (>= 0.6.1)
      puppetlabs/nginx (>= 0.0.1)
      puppetlabs/ruby (>= 0.0.2)
      puppetlabs/stdlib (>= 4.1.0)

DEPENDENCIES
  apt (>= 0)
  gitlab (>= 0)
  nginx (>= 0)

