FORGE
  remote: http://forge.puppetlabs.com
  specs:
    fsalum/redis (0.0.6)
    jfryman/nginx (0.0.5)
      puppetlabs/stdlib (>= 0.1.6)
    puppetlabs/git (0.0.3)
    puppetlabs/mysql (0.6.1)
      puppetlabs/stdlib (>= 2.2.1)
    puppetlabs/ruby (0.1.0)
    puppetlabs/stdlib (4.1.0)

GIT
  remote: git://github.com/sbadia/puppet-gitlab-requirements
  ref: master
  sha: 92f9ee72e47a2c90e3db4eb9c48bbf8f397ab17c
  specs:
    gitlab_requirements (0.0.2)
      fsalum/redis (>= 0.0.5)
      jfryman/nginx (>= 0.0.2)
      puppetlabs/git (>= 0.0.2)
      puppetlabs/mysql (= 0.6.1)
      puppetlabs/ruby (>= 0.1.0)
      puppetlabs/stdlib (>= 2.2.1)

GIT
  remote: git://github.com/sbadia/puppet-gitlab.git
  ref: master
  sha: 4cbdf97da2240577713e5a12b80b512806523ab2
  specs:
    gitlab (0.1.0)
      puppetlabs/stdlib (>= 3.1.0)

DEPENDENCIES
  gitlab (>= 0)
  gitlab_requirements (>= 0)

